
Microsoft Visual Studio Solution File, Format Version 12.00
# Visual Studio 15
VisualStudioVersion = 15.0.28307.902
MinimumVisualStudioVersion = 10.0.40219.1
Project("{FAE04EC0-301F-11D3-BF4B-00C04F79EFBC}") = "WeatherApp_wpf", "WeatherApp_wpf\WeatherApp_wpf.csproj", "{38ABEFF4-F22E-4045-ABE0-F0ED35A47B28}"
EndProject
Global
	GlobalSection(SolutionConfigurationPlatforms) = preSolution
		Debug|Any CPU = Debug|Any CPU
		Release|Any CPU = Release|Any CPU
	EndGlobalSection
	GlobalSection(ProjectConfigurationPlatforms) = postSolution
		{38ABEFF4-F22E-4045-ABE0-F0ED35A47B28}.Debug|Any CPU.ActiveCfg = Debug|Any CPU
		{38ABEFF4-F22E-4045-ABE0-F0ED35A47B28}.Debug|Any CPU.Build.0 = Debug|Any CPU
		{38ABEFF4-F22E-4045-ABE0-F0ED35A47B28}.Release|Any CPU.ActiveCfg = Release|Any CPU
		{38ABEFF4-F22E-4045-ABE0-F0ED35A47B28}.Release|Any CPU.Build.0 = Release|Any CPU
	EndGlobalSection
	GlobalSection(SolutionProperties) = preSolution
		HideSolutionNode = FALSE
	EndGlobalSection
	GlobalSection(ExtensibilityGlobals) = postSolution
		SolutionGuid = {B64E8127-6AC8-4C39-863F-90CD51A54840}
	EndGlobalSection
EndGlobal
